
Microsoft Visual Studio Solution File, Format Version 12.00
# Visual Studio Version 17
VisualStudioVersion = 17.3.32922.545
MinimumVisualStudioVersion = 10.0.40219.1
Project("{9A19103F-16F7-4668-BE54-9A1E7A4F7556}") = "RomanNumeralsSrc", "RomanNumerals\RomanNumeralsSrc.csproj", "{577F7342-C96D-4DAE-946E-A3D395C24EFB}"
EndProject
Project("{9A19103F-16F7-4668-BE54-9A1E7A4F7556}") = "RomanNumeralTest", "RomanNumeralTest\RomanNumeralTest.csproj", "{604FD1B9-6D60-410C-B425-FEDC83126021}"
EndProject
Global
	GlobalSection(SolutionConfigurationPlatforms) = preSolution
		Debug|Any CPU = Debug|Any CPU
		Release|Any CPU = Release|Any CPU
	EndGlobalSection
	GlobalSection(ProjectConfigurationPlatforms) = postSolution
		{577F7342-C96D-4DAE-946E-A3D395C24EFB}.Debug|Any CPU.ActiveCfg = Debug|Any CPU
		{577F7342-C96D-4DAE-946E-A3D395C24EFB}.Debug|Any CPU.Build.0 = Debug|Any CPU
		{577F7342-C96D-4DAE-946E-A3D395C24EFB}.Release|Any CPU.ActiveCfg = Release|Any CPU
		{577F7342-C96D-4DAE-946E-A3D395C24EFB}.Release|Any CPU.Build.0 = Release|Any CPU
		{604FD1B9-6D60-410C-B425-FEDC83126021}.Debug|Any CPU.ActiveCfg = Debug|Any CPU
		{604FD1B9-6D60-410C-B425-FEDC83126021}.Debug|Any CPU.Build.0 = Debug|Any CPU
		{604FD1B9-6D60-410C-B425-FEDC83126021}.Release|Any CPU.ActiveCfg = Release|Any CPU
		{604FD1B9-6D60-410C-B425-FEDC83126021}.Release|Any CPU.Build.0 = Release|Any CPU
	EndGlobalSection
	GlobalSection(SolutionProperties) = preSolution
		HideSolutionNode = FALSE
	EndGlobalSection
	GlobalSection(ExtensibilityGlobals) = postSolution
		SolutionGuid = {A52231B9-3DFB-4287-9D53-F65D20B180B0}
	EndGlobalSection
EndGlobal
