
Microsoft Visual Studio Solution File, Format Version 12.00
# Visual Studio Version 17
VisualStudioVersion = 17.3.32922.545
MinimumVisualStudioVersion = 10.0.40219.1
Project("{FAE04EC0-301F-11D3-BF4B-00C04F79EFBC}") = "NonRepeatingCharTest", "NonRepeatingCharTest\NonRepeatingCharTest.csproj", "{E2D84CE2-2409-42AA-AF0D-226748EC6CA2}"
EndProject
Project("{FAE04EC0-301F-11D3-BF4B-00C04F79EFBC}") = "NonRepeatingCharSrc", "NonRepeatingCharSrc\NonRepeatingCharSrc.csproj", "{73944163-3675-4188-86F3-AE1D5A72C34F}"
EndProject
Global
	GlobalSection(SolutionConfigurationPlatforms) = preSolution
		Debug|Any CPU = Debug|Any CPU
		Release|Any CPU = Release|Any CPU
	EndGlobalSection
	GlobalSection(ProjectConfigurationPlatforms) = postSolution
		{E2D84CE2-2409-42AA-AF0D-226748EC6CA2}.Debug|Any CPU.ActiveCfg = Debug|Any CPU
		{E2D84CE2-2409-42AA-AF0D-226748EC6CA2}.Debug|Any CPU.Build.0 = Debug|Any CPU
		{E2D84CE2-2409-42AA-AF0D-226748EC6CA2}.Release|Any CPU.ActiveCfg = Release|Any CPU
		{E2D84CE2-2409-42AA-AF0D-226748EC6CA2}.Release|Any CPU.Build.0 = Release|Any CPU
		{73944163-3675-4188-86F3-AE1D5A72C34F}.Debug|Any CPU.ActiveCfg = Debug|Any CPU
		{73944163-3675-4188-86F3-AE1D5A72C34F}.Debug|Any CPU.Build.0 = Debug|Any CPU
		{73944163-3675-4188-86F3-AE1D5A72C34F}.Release|Any CPU.ActiveCfg = Release|Any CPU
		{73944163-3675-4188-86F3-AE1D5A72C34F}.Release|Any CPU.Build.0 = Release|Any CPU
	EndGlobalSection
	GlobalSection(SolutionProperties) = preSolution
		HideSolutionNode = FALSE
	EndGlobalSection
	GlobalSection(ExtensibilityGlobals) = postSolution
		SolutionGuid = {E65364EA-2019-4606-80DA-32B0C29EB27C}
	EndGlobalSection
EndGlobal
